
Microsoft Visual Studio Solution File, Format Version 12.00
# Visual Studio Version 17
VisualStudioVersion = 17.3.32825.248
MinimumVisualStudioVersion = 10.0.40219.1
Project("{FAE04EC0-301F-11D3-BF4B-00C04F79EFBC}") = "CV07", "CV07.csproj", "{551372A4-1FD2-432F-8760-0B583F0AF685}"
EndProject
Global
	GlobalSection(SolutionConfigurationPlatforms) = preSolution
		Debug|Any CPU = Debug|Any CPU
		Release|Any CPU = Release|Any CPU
	EndGlobalSection
	GlobalSection(ProjectConfigurationPlatforms) = postSolution
		{551372A4-1FD2-432F-8760-0B583F0AF685}.Debug|Any CPU.ActiveCfg = Debug|Any CPU
		{551372A4-1FD2-432F-8760-0B583F0AF685}.Debug|Any CPU.Build.0 = Debug|Any CPU
		{551372A4-1FD2-432F-8760-0B583F0AF685}.Release|Any CPU.ActiveCfg = Release|Any CPU
		{551372A4-1FD2-432F-8760-0B583F0AF685}.Release|Any CPU.Build.0 = Release|Any CPU
	EndGlobalSection
	GlobalSection(SolutionProperties) = preSolution
		HideSolutionNode = FALSE
	EndGlobalSection
	GlobalSection(ExtensibilityGlobals) = postSolution
		SolutionGuid = {136754DB-6D0A-48ED-9301-297FAD712826}
	EndGlobalSection
EndGlobal
