
Microsoft Visual Studio Solution File, Format Version 12.00
# Visual Studio Version 17
VisualStudioVersion = 17.3.32825.248
MinimumVisualStudioVersion = 10.0.40219.1
Project("{FAE04EC0-301F-11D3-BF4B-00C04F79EFBC}") = "CV03", "CV03.csproj", "{3F883AF0-7B96-4ED3-992F-7F01650B585F}"
EndProject
Global
	GlobalSection(SolutionConfigurationPlatforms) = preSolution
		Debug|Any CPU = Debug|Any CPU
		Release|Any CPU = Release|Any CPU
	EndGlobalSection
	GlobalSection(ProjectConfigurationPlatforms) = postSolution
		{3F883AF0-7B96-4ED3-992F-7F01650B585F}.Debug|Any CPU.ActiveCfg = Debug|Any CPU
		{3F883AF0-7B96-4ED3-992F-7F01650B585F}.Debug|Any CPU.Build.0 = Debug|Any CPU
		{3F883AF0-7B96-4ED3-992F-7F01650B585F}.Release|Any CPU.ActiveCfg = Release|Any CPU
		{3F883AF0-7B96-4ED3-992F-7F01650B585F}.Release|Any CPU.Build.0 = Release|Any CPU
	EndGlobalSection
	GlobalSection(SolutionProperties) = preSolution
		HideSolutionNode = FALSE
	EndGlobalSection
	GlobalSection(ExtensibilityGlobals) = postSolution
		SolutionGuid = {B63626CD-3014-4AF6-BAF7-9F4975A37FF0}
	EndGlobalSection
EndGlobal
